
Microsoft Visual Studio Solution File, Format Version 12.00
# Visual Studio Version 17
VisualStudioVersion = 17.1.32421.90
MinimumVisualStudioVersion = 10.0.40219.1
Project("{9A19103F-16F7-4668-BE54-9A1E7A4F7556}") = "SimApi.Service", "SimApi\SimApi.Service.csproj", "{126427A3-1AA9-4406-9BF8-898B1E51CD73}"
EndProject
Project("{9A19103F-16F7-4668-BE54-9A1E7A4F7556}") = "SimApi.Base", "SimApi.Base\SimApi.Base.csproj", "{0316C0D6-093A-406C-8F43-E3578CBEF626}"
EndProject
Project("{9A19103F-16F7-4668-BE54-9A1E7A4F7556}") = "SimApi.Data", "SimApi.Data\SimApi.Data.csproj", "{F079E885-4FAC-4ED0-88FA-D2190AF6AE8B}"
EndProject
Project("{9A19103F-16F7-4668-BE54-9A1E7A4F7556}") = "SimApi.Schema", "SimApi.Schema\SimApi.Schema.csproj", "{F271A025-6201-4D2D-9BB0-4E037C0324DE}"
EndProject
Project("{9A19103F-16F7-4668-BE54-9A1E7A4F7556}") = "SimApi.Operation", "SimApi.Operation\SimApi.Operation.csproj", "{21134E2F-734A-4675-98FA-B2638639A5F8}"
EndProject
Project("{FAE04EC0-301F-11D3-BF4B-00C04F79EFBC}") = "SimApi.Test", "SimApi.Test\SimApi.Test.csproj", "{BF21EAE1-095E-443F-80EA-29F1023D5F9A}"
EndProject
Global
	GlobalSection(SolutionConfigurationPlatforms) = preSolution
		Debug|Any CPU = Debug|Any CPU
		Release|Any CPU = Release|Any CPU
	EndGlobalSection
	GlobalSection(ProjectConfigurationPlatforms) = postSolution
		{126427A3-1AA9-4406-9BF8-898B1E51CD73}.Debug|Any CPU.ActiveCfg = Debug|Any CPU
		{126427A3-1AA9-4406-9BF8-898B1E51CD73}.Debug|Any CPU.Build.0 = Debug|Any CPU
		{126427A3-1AA9-4406-9BF8-898B1E51CD73}.Release|Any CPU.ActiveCfg = Release|Any CPU
		{126427A3-1AA9-4406-9BF8-898B1E51CD73}.Release|Any CPU.Build.0 = Release|Any CPU
		{0316C0D6-093A-406C-8F43-E3578CBEF626}.Debug|Any CPU.ActiveCfg = Debug|Any CPU
		{0316C0D6-093A-406C-8F43-E3578CBEF626}.Debug|Any CPU.Build.0 = Debug|Any CPU
		{0316C0D6-093A-406C-8F43-E3578CBEF626}.Release|Any CPU.ActiveCfg = Release|Any CPU
		{0316C0D6-093A-406C-8F43-E3578CBEF626}.Release|Any CPU.Build.0 = Release|Any CPU
		{F079E885-4FAC-4ED0-88FA-D2190AF6AE8B}.Debug|Any CPU.ActiveCfg = Debug|Any CPU
		{F079E885-4FAC-4ED0-88FA-D2190AF6AE8B}.Debug|Any CPU.Build.0 = Debug|Any CPU
		{F079E885-4FAC-4ED0-88FA-D2190AF6AE8B}.Release|Any CPU.ActiveCfg = Release|Any CPU
		{F079E885-4FAC-4ED0-88FA-D2190AF6AE8B}.Release|Any CPU.Build.0 = Release|Any CPU
		{F271A025-6201-4D2D-9BB0-4E037C0324DE}.Debug|Any CPU.ActiveCfg = Debug|Any CPU
		{F271A025-6201-4D2D-9BB0-4E037C0324DE}.Debug|Any CPU.Build.0 = Debug|Any CPU
		{F271A025-6201-4D2D-9BB0-4E037C0324DE}.Release|Any CPU.ActiveCfg = Release|Any CPU
		{F271A025-6201-4D2D-9BB0-4E037C0324DE}.Release|Any CPU.Build.0 = Release|Any CPU
		{21134E2F-734A-4675-98FA-B2638639A5F8}.Debug|Any CPU.ActiveCfg = Debug|Any CPU
		{21134E2F-734A-4675-98FA-B2638639A5F8}.Debug|Any CPU.Build.0 = Debug|Any CPU
		{21134E2F-734A-4675-98FA-B2638639A5F8}.Release|Any CPU.ActiveCfg = Release|Any CPU
		{21134E2F-734A-4675-98FA-B2638639A5F8}.Release|Any CPU.Build.0 = Release|Any CPU
		{BF21EAE1-095E-443F-80EA-29F1023D5F9A}.Debug|Any CPU.ActiveCfg = Debug|Any CPU
		{BF21EAE1-095E-443F-80EA-29F1023D5F9A}.Debug|Any CPU.Build.0 = Debug|Any CPU
		{BF21EAE1-095E-443F-80EA-29F1023D5F9A}.Release|Any CPU.ActiveCfg = Release|Any CPU
		{BF21EAE1-095E-443F-80EA-29F1023D5F9A}.Release|Any CPU.Build.0 = Release|Any CPU
	EndGlobalSection
	GlobalSection(SolutionProperties) = preSolution
		HideSolutionNode = FALSE
	EndGlobalSection
	GlobalSection(ExtensibilityGlobals) = postSolution
		SolutionGuid = {70B38A93-98B4-4D2A-8CF5-CCAC559EFDD1}
	EndGlobalSection
EndGlobal
