
Microsoft Visual Studio Solution File, Format Version 12.00
# Visual Studio Version 17
VisualStudioVersion = 17.1.32421.90
MinimumVisualStudioVersion = 10.0.40219.1
Project("{FAE04EC0-301F-11D3-BF4B-00C04F79EFBC}") = "SimApi", "SimApi\SimApi.csproj", "{126427A3-1AA9-4406-9BF8-898B1E51CD73}"
EndProject
Global
	GlobalSection(SolutionConfigurationPlatforms) = preSolution
		Debug|Any CPU = Debug|Any CPU
		Release|Any CPU = Release|Any CPU
	EndGlobalSection
	GlobalSection(ProjectConfigurationPlatforms) = postSolution
		{126427A3-1AA9-4406-9BF8-898B1E51CD73}.Debug|Any CPU.ActiveCfg = Debug|Any CPU
		{126427A3-1AA9-4406-9BF8-898B1E51CD73}.Debug|Any CPU.Build.0 = Debug|Any CPU
		{126427A3-1AA9-4406-9BF8-898B1E51CD73}.Release|Any CPU.ActiveCfg = Release|Any CPU
		{126427A3-1AA9-4406-9BF8-898B1E51CD73}.Release|Any CPU.Build.0 = Release|Any CPU
	EndGlobalSection
	GlobalSection(SolutionProperties) = preSolution
		HideSolutionNode = FALSE
	EndGlobalSection
	GlobalSection(ExtensibilityGlobals) = postSolution
		SolutionGuid = {70B38A93-98B4-4D2A-8CF5-CCAC559EFDD1}
	EndGlobalSection
EndGlobal
